
Microsoft Visual Studio Solution File, Format Version 12.00
# Visual Studio 15
VisualStudioVersion = 15.0.28307.329
MinimumVisualStudioVersion = 10.0.40219.1
Project("{FAE04EC0-301F-11D3-BF4B-00C04F79EFBC}") = "3enRayaCSharp", "3enRayaCSharp\3enRayaCSharp.csproj", "{93FA2E9A-5854-4BDA-AF74-F7ED14B61B28}"
EndProject
Global
	GlobalSection(SolutionConfigurationPlatforms) = preSolution
		Debug|Any CPU = Debug|Any CPU
		Release|Any CPU = Release|Any CPU
	EndGlobalSection
	GlobalSection(ProjectConfigurationPlatforms) = postSolution
		{93FA2E9A-5854-4BDA-AF74-F7ED14B61B28}.Debug|Any CPU.ActiveCfg = Debug|Any CPU
		{93FA2E9A-5854-4BDA-AF74-F7ED14B61B28}.Debug|Any CPU.Build.0 = Debug|Any CPU
		{93FA2E9A-5854-4BDA-AF74-F7ED14B61B28}.Release|Any CPU.ActiveCfg = Release|Any CPU
		{93FA2E9A-5854-4BDA-AF74-F7ED14B61B28}.Release|Any CPU.Build.0 = Release|Any CPU
	EndGlobalSection
	GlobalSection(SolutionProperties) = preSolution
		HideSolutionNode = FALSE
	EndGlobalSection
	GlobalSection(ExtensibilityGlobals) = postSolution
		SolutionGuid = {06B5871A-4F10-4BE9-8245-F2A389DE59B7}
	EndGlobalSection
EndGlobal
